
Microsoft Visual Studio Solution File, Format Version 12.00
# Visual Studio Version 17
VisualStudioVersion = 17.13.35825.156
MinimumVisualStudioVersion = 10.0.40219.1
Project("{FAE04EC0-301F-11D3-BF4B-00C04F79EFBC}") = "1. Custom collections", "1. Custom collections\1. Custom collections.csproj", "{874E2C0C-4361-4FBE-A9E4-C3640E0AAD8B}"
EndProject
Project("{FAE04EC0-301F-11D3-BF4B-00C04F79EFBC}") = "2. System collections", "2. System collections\2. System collections.csproj", "{0CB3769E-24D8-494F-B781-0B99A048B36A}"
EndProject
Project("{FAE04EC0-301F-11D3-BF4B-00C04F79EFBC}") = "3. Input and Output Programming", "3. Input and Output Programming\3. Input and Output Programming.csproj", "{E51E7E25-00FF-4E62-B14A-688131D7A68A}"
EndProject
Project("{FAE04EC0-301F-11D3-BF4B-00C04F79EFBC}") = "Working with text. Regular expressions", "Working with text. Regular expressions\Working with text. Regular expressions.csproj", "{459AA285-A575-4480-9C62-295D14951B9F}"
EndProject
Global
	GlobalSection(SolutionConfigurationPlatforms) = preSolution
		Debug|Any CPU = Debug|Any CPU
		Release|Any CPU = Release|Any CPU
	EndGlobalSection
	GlobalSection(ProjectConfigurationPlatforms) = postSolution
		{874E2C0C-4361-4FBE-A9E4-C3640E0AAD8B}.Debug|Any CPU.ActiveCfg = Debug|Any CPU
		{874E2C0C-4361-4FBE-A9E4-C3640E0AAD8B}.Debug|Any CPU.Build.0 = Debug|Any CPU
		{874E2C0C-4361-4FBE-A9E4-C3640E0AAD8B}.Release|Any CPU.ActiveCfg = Release|Any CPU
		{874E2C0C-4361-4FBE-A9E4-C3640E0AAD8B}.Release|Any CPU.Build.0 = Release|Any CPU
		{0CB3769E-24D8-494F-B781-0B99A048B36A}.Debug|Any CPU.ActiveCfg = Debug|Any CPU
		{0CB3769E-24D8-494F-B781-0B99A048B36A}.Debug|Any CPU.Build.0 = Debug|Any CPU
		{0CB3769E-24D8-494F-B781-0B99A048B36A}.Release|Any CPU.ActiveCfg = Release|Any CPU
		{0CB3769E-24D8-494F-B781-0B99A048B36A}.Release|Any CPU.Build.0 = Release|Any CPU
		{E51E7E25-00FF-4E62-B14A-688131D7A68A}.Debug|Any CPU.ActiveCfg = Debug|Any CPU
		{E51E7E25-00FF-4E62-B14A-688131D7A68A}.Debug|Any CPU.Build.0 = Debug|Any CPU
		{E51E7E25-00FF-4E62-B14A-688131D7A68A}.Release|Any CPU.ActiveCfg = Release|Any CPU
		{E51E7E25-00FF-4E62-B14A-688131D7A68A}.Release|Any CPU.Build.0 = Release|Any CPU
		{459AA285-A575-4480-9C62-295D14951B9F}.Debug|Any CPU.ActiveCfg = Debug|Any CPU
		{459AA285-A575-4480-9C62-295D14951B9F}.Debug|Any CPU.Build.0 = Debug|Any CPU
		{459AA285-A575-4480-9C62-295D14951B9F}.Release|Any CPU.ActiveCfg = Release|Any CPU
		{459AA285-A575-4480-9C62-295D14951B9F}.Release|Any CPU.Build.0 = Release|Any CPU
	EndGlobalSection
	GlobalSection(SolutionProperties) = preSolution
		HideSolutionNode = FALSE
	EndGlobalSection
	GlobalSection(ExtensibilityGlobals) = postSolution
		SolutionGuid = {7722AC6A-5BB0-45E7-BB53-6B935470AE71}
	EndGlobalSection
EndGlobal
